// !$*UTF8*$!
{
	archiveVersion = 1;
	classes = {
	};
	objectVersion = 56;
	objects = {

/* Begin PBXBuildFile section */
		8710CF172BFD5B5300CA9F6B /* RokShoeApp.swift in Sources */ = {isa = PBXBuildFile; fileRef = 8710CF162BFD5B5300CA9F6B /* RokShoeApp.swift */; };
		8710CF192BFD5B5300CA9F6B /* ContentView.swift in Sources */ = {isa = PBXBuildFile; fileRef = 8710CF182BFD5B5300CA9F6B /* ContentView.swift */; };
		8710CF1B2BFD5B5400CA9F6B /* Assets.xcassets in Resources */ = {isa = PBXBuildFile; fileRef = 8710CF1A2BFD5B5400CA9F6B /* Assets.xcassets */; };
		8710CF1E2BFD5B5400CA9F6B /* Preview Assets.xcassets in Resources */ = {isa = PBXBuildFile; fileRef = 8710CF1D2BFD5B5400CA9F6B /* Preview Assets.xcassets */; };
		8710CF282BFD5B5500CA9F6B /* RokShoeTests.swift in Sources */ = {isa = PBXBuildFile; fileRef = 8710CF272BFD5B5500CA9F6B /* RokShoeTests.swift */; };
		8710CF322BFD5B5500CA9F6B /* RokShoeUITests.swift in Sources */ = {isa = PBXBuildFile; fileRef = 8710CF312BFD5B5500CA9F6B /* RokShoeUITests.swift */; };
		8710CF342BFD5B5500CA9F6B /* RokShoeUITestsLaunchTests.swift in Sources */ = {isa = PBXBuildFile; fileRef = 8710CF332BFD5B5500CA9F6B /* RokShoeUITestsLaunchTests.swift */; };
/* End PBXBuildFile section */

/* Begin PBXContainerItemProxy section */
		8710CF242BFD5B5500CA9F6B /* PBXContainerItemProxy */ = {
			isa = PBXContainerItemProxy;
			containerPortal = 8710CF0B2BFD5B5300CA9F6B /* Project object */;
			proxyType = 1;
			remoteGlobalIDString = 8710CF122BFD5B5300CA9F6B;
			remoteInfo = RokShoe;
		};
		8710CF2E2BFD5B5500CA9F6B /* PBXContainerItemProxy */ = {
			isa = PBXContainerItemProxy;
			containerPortal = 8710CF0B2BFD5B5300CA9F6B /* Project object */;
			proxyType = 1;
			remoteGlobalIDString = 8710CF122BFD5B5300CA9F6B;
			remoteInfo = RokShoe;
		};
/* End PBXContainerItemProxy section */

/* Begin PBXFileReference section */
		8710CF132BFD5B5300CA9F6B /* RokShoe.app */ = {isa = PBXFileReference; explicitFileType = wrapper.application; includeInIndex = 0; path = RokShoe.app; sourceTree = BUILT_PRODUCTS_DIR; };
		8710CF162BFD5B5300CA9F6B /* RokShoeApp.swift */ = {isa = PBXFileReference; lastKnownFileType = sourcecode.swift; path = RokShoeApp.swift; sourceTree = "<group>"; };
		8710CF182BFD5B5300CA9F6B /* ContentView.swift */ = {isa = PBXFileReference; lastKnownFileType = sourcecode.swift; path = ContentView.swift; sourceTree = "<group>"; };
		8710CF1A2BFD5B5400CA9F6B /* Assets.xcassets */ = {isa = PBXFileReference; lastKnownFileType = folder.assetcatalog; path = Assets.xcassets; sourceTree = "<group>"; };
		8710CF1D2BFD5B5400CA9F6B /* Preview Assets.xcassets */ = {isa = PBXFileReference; lastKnownFileType = folder.assetcatalog; path = "Preview Assets.xcassets"; sourceTree = "<group>"; };
		8710CF232BFD5B5500CA9F6B /* RokShoeTests.xctest */ = {isa = PBXFileReference; explicitFileType = wrapper.cfbundle; includeInIndex = 0; path = RokShoeTests.xctest; sourceTree = BUILT_PRODUCTS_DIR; };
		8710CF272BFD5B5500CA9F6B /* RokShoeTests.swift */ = {isa = PBXFileReference; lastKnownFileType = sourcecode.swift; path = RokShoeTests.swift; sourceTree = "<group>"; };
		8710CF2D2BFD5B5500CA9F6B /* RokShoeUITests.xctest */ = {isa = PBXFileReference; explicitFileType = wrapper.cfbundle; includeInIndex = 0; path = RokShoeUITests.xctest; sourceTree = BUILT_PRODUCTS_DIR; };
		8710CF312BFD5B5500CA9F6B /* RokShoeUITests.swift */ = {isa = PBXFileReference; lastKnownFileType = sourcecode.swift; path = RokShoeUITests.swift; sourceTree = "<group>"; };
		8710CF332BFD5B5500CA9F6B /* RokShoeUITestsLaunchTests.swift */ = {isa = PBXFileReference; lastKnownFileType = sourcecode.swift; path = RokShoeUITestsLaunchTests.swift; sourceTree = "<group>"; };
/* End PBXFileReference section */

/* Begin PBXFrameworksBuildPhase section */
		8710CF102BFD5B5300CA9F6B /* Frameworks */ = {
			isa = PBXFrameworksBuildPhase;
			buildActionMask = 2147483647;
			files = (
			);
			runOnlyForDeploymentPostprocessing = 0;
		};
		8710CF202BFD5B5500CA9F6B /* Frameworks */ = {
			isa = PBXFrameworksBuildPhase;
			buildActionMask = 2147483647;
			files = (
			);
			runOnlyForDeploymentPostprocessing = 0;
		};
		8710CF2A2BFD5B5500CA9F6B /* Frameworks */ = {
			isa = PBXFrameworksBuildPhase;
			buildActionMask = 2147483647;
			files = (
			);
			runOnlyForDeploymentPostprocessing = 0;
		};
/* End PBXFrameworksBuildPhase section */

/* Begin PBXGroup section */
		8710CF0A2BFD5B5300CA9F6B = {
			isa = PBXGroup;
			children = (
				8710CF152BFD5B5300CA9F6B /* RokShoe */,
				8710CF262BFD5B5500CA9F6B /* RokShoeTests */,
				8710CF302BFD5B5500CA9F6B /* RokShoeUITests */,
				8710CF142BFD5B5300CA9F6B /* Products */,
			);
			sourceTree = "<group>";
		};
		8710CF142BFD5B5300CA9F6B /* Products */ = {
			isa = PBXGroup;
			children = (
				8710CF132BFD5B5300CA9F6B /* RokShoe.app */,
				8710CF232BFD5B5500CA9F6B /* RokShoeTests.xctest */,
				8710CF2D2BFD5B5500CA9F6B /* RokShoeUITests.xctest */,
			);
			name = Products;
			sourceTree = "<group>";
		};
		8710CF152BFD5B5300CA9F6B /* RokShoe */ = {
			isa = PBXGroup;
			children = (
				8710CF162BFD5B5300CA9F6B /* RokShoeApp.swift */,
				8710CF182BFD5B5300CA9F6B /* ContentView.swift */,
				8710CF1A2BFD5B5400CA9F6B /* Assets.xcassets */,
				8710CF1C2BFD5B5400CA9F6B /* Preview Content */,
			);
			path = RokShoe;
			sourceTree = "<group>";
		};
		8710CF1C2BFD5B5400CA9F6B /* Preview Content */ = {
			isa = PBXGroup;
			children = (
				8710CF1D2BFD5B5400CA9F6B /* Preview Assets.xcassets */,
			);
			path = "Preview Content";
			sourceTree = "<group>";
		};
		8710CF262BFD5B5500CA9F6B /* RokShoeTests */ = {
			isa = PBXGroup;
			children = (
				8710CF272BFD5B5500CA9F6B /* RokShoeTests.swift */,
			);
			path = RokShoeTests;
			sourceTree = "<group>";
		};
		8710CF302BFD5B5500CA9F6B /* RokShoeUITests */ = {
			isa = PBXGroup;
			children = (
				8710CF312BFD5B5500CA9F6B /* RokShoeUITests.swift */,
				8710CF332BFD5B5500CA9F6B /* RokShoeUITestsLaunchTests.swift */,
			);
			path = RokShoeUITests;
			sourceTree = "<group>";
		};
/* End PBXGroup section */

/* Begin PBXNativeTarget section */
		8710CF122BFD5B5300CA9F6B /* RokShoe */ = {
			isa = PBXNativeTarget;
			buildConfigurationList = 8710CF372BFD5B5500CA9F6B /* Build configuration list for PBXNativeTarget "RokShoe" */;
			buildPhases = (
				8710CF0F2BFD5B5300CA9F6B /* Sources */,
				8710CF102BFD5B5300CA9F6B /* Frameworks */,
				8710CF112BFD5B5300CA9F6B /* Resources */,
			);
			buildRules = (
			);
			dependencies = (
			);
			name = RokShoe;
			productName = RokShoe;
			productReference = 8710CF132BFD5B5300CA9F6B /* RokShoe.app */;
			productType = "com.apple.product-type.application";
		};
		8710CF222BFD5B5500CA9F6B /* RokShoeTests */ = {
			isa = PBXNativeTarget;
			buildConfigurationList = 8710CF3A2BFD5B5500CA9F6B /* Build configuration list for PBXNativeTarget "RokShoeTests" */;
			buildPhases = (
				8710CF1F2BFD5B5500CA9F6B /* Sources */,
				8710CF202BFD5B5500CA9F6B /* Frameworks */,
				8710CF212BFD5B5500CA9F6B /* Resources */,
			);
			buildRules = (
			);
			dependencies = (
				8710CF252BFD5B5500CA9F6B /* PBXTargetDependency */,
			);
			name = RokShoeTests;
			productName = RokShoeTests;
			productReference = 8710CF232BFD5B5500CA9F6B /* RokShoeTests.xctest */;
			productType = "com.apple.product-type.bundle.unit-test";
		};
		8710CF2C2BFD5B5500CA9F6B /* RokShoeUITests */ = {
			isa = PBXNativeTarget;
			buildConfigurationList = 8710CF3D2BFD5B5500CA9F6B /* Build configuration list for PBXNativeTarget "RokShoeUITests" */;
			buildPhases = (
				8710CF292BFD5B5500CA9F6B /* Sources */,
				8710CF2A2BFD5B5500CA9F6B /* Frameworks */,
				8710CF2B2BFD5B5500CA9F6B /* Resources */,
			);
			buildRules = (
			);
			dependencies = (
				8710CF2F2BFD5B5500CA9F6B /* PBXTargetDependency */,
			);
			name = RokShoeUITests;
			productName = RokShoeUITests;
			productReference = 8710CF2D2BFD5B5500CA9F6B /* RokShoeUITests.xctest */;
			productType = "com.apple.product-type.bundle.ui-testing";
		};
/* End PBXNativeTarget section */

/* Begin PBXProject section */
		8710CF0B2BFD5B5300CA9F6B /* Project object */ = {
			isa = PBXProject;
			attributes = {
				BuildIndependentTargetsInParallel = 1;
				LastSwiftUpdateCheck = 1540;
				LastUpgradeCheck = 1540;
				TargetAttributes = {
					8710CF122BFD5B5300CA9F6B = {
						CreatedOnToolsVersion = 15.4;
					};
					8710CF222BFD5B5500CA9F6B = {
						CreatedOnToolsVersion = 15.4;
						TestTargetID = 8710CF122BFD5B5300CA9F6B;
					};
					8710CF2C2BFD5B5500CA9F6B = {
						CreatedOnToolsVersion = 15.4;
						TestTargetID = 8710CF122BFD5B5300CA9F6B;
					};
				};
			};
			buildConfigurationList = 8710CF0E2BFD5B5300CA9F6B /* Build configuration list for PBXProject "RokShoe" */;
			compatibilityVersion = "Xcode 14.0";
			developmentRegion = en;
			hasScannedForEncodings = 0;
			knownRegions = (
				en,
				Base,
			);
			mainGroup = 8710CF0A2BFD5B5300CA9F6B;
			productRefGroup = 8710CF142BFD5B5300CA9F6B /* Products */;
			projectDirPath = "";
			projectRoot = "";
			targets = (
				8710CF122BFD5B5300CA9F6B /* RokShoe */,
				8710CF222BFD5B5500CA9F6B /* RokShoeTests */,
				8710CF2C2BFD5B5500CA9F6B /* RokShoeUITests */,
			);
		};
/* End PBXProject section */

/* Begin PBXResourcesBuildPhase section */
		8710CF112BFD5B5300CA9F6B /* Resources */ = {
			isa = PBXResourcesBuildPhase;
			buildActionMask = 2147483647;
			files = (
				8710CF1E2BFD5B5400CA9F6B /* Preview Assets.xcassets in Resources */,
				8710CF1B2BFD5B5400CA9F6B /* Assets.xcassets in Resources */,
			);
			runOnlyForDeploymentPostprocessing = 0;
		};
		8710CF212BFD5B5500CA9F6B /* Resources */ = {
			isa = PBXResourcesBuildPhase;
			buildActionMask = 2147483647;
			files = (
			);
			runOnlyForDeploymentPostprocessing = 0;
		};
		8710CF2B2BFD5B5500CA9F6B /* Resources */ = {
			isa = PBXResourcesBuildPhase;
			buildActionMask = 2147483647;
			files = (
			);
			runOnlyForDeploymentPostprocessing = 0;
		};
/* End PBXResourcesBuildPhase section */

/* Begin PBXSourcesBuildPhase section */
		8710CF0F2BFD5B5300CA9F6B /* Sources */ = {
			isa = PBXSourcesBuildPhase;
			buildActionMask = 2147483647;
			files = (
				8710CF192BFD5B5300CA9F6B /* ContentView.swift in Sources */,
				8710CF172BFD5B5300CA9F6B /* RokShoeApp.swift in Sources */,
			);
			runOnlyForDeploymentPostprocessing = 0;
		};
		8710CF1F2BFD5B5500CA9F6B /* Sources */ = {
			isa = PBXSourcesBuildPhase;
			buildActionMask = 2147483647;
			files = (
				8710CF282BFD5B5500CA9F6B /* RokShoeTests.swift in Sources */,
			);
			runOnlyForDeploymentPostprocessing = 0;
		};
		8710CF292BFD5B5500CA9F6B /* Sources */ = {
			isa = PBXSourcesBuildPhase;
			buildActionMask = 2147483647;
			files = (
				8710CF342BFD5B5500CA9F6B /* RokShoeUITestsLaunchTests.swift in Sources */,
				8710CF322BFD5B5500CA9F6B /* RokShoeUITests.swift in Sources */,
			);
			runOnlyForDeploymentPostprocessing = 0;
		};
/* End PBXSourcesBuildPhase section */

/* Begin PBXTargetDependency section */
		8710CF252BFD5B5500CA9F6B /* PBXTargetDependency */ = {
			isa = PBXTargetDependency;
			target = 8710CF122BFD5B5300CA9F6B /* RokShoe */;
			targetProxy = 8710CF242BFD5B5500CA9F6B /* PBXContainerItemProxy */;
		};
		8710CF2F2BFD5B5500CA9F6B /* PBXTargetDependency */ = {
			isa = PBXTargetDependency;
			target = 8710CF122BFD5B5300CA9F6B /* RokShoe */;
			targetProxy = 8710CF2E2BFD5B5500CA9F6B /* PBXContainerItemProxy */;
		};
/* End PBXTargetDependency section */

/* Begin XCBuildConfiguration section */
		8710CF352BFD5B5500CA9F6B /* Debug */ = {
			isa = XCBuildConfiguration;
			buildSettings = {
				ALWAYS_SEARCH_USER_PATHS = NO;
				ASSETCATALOG_COMPILER_GENERATE_SWIFT_ASSET_SYMBOL_EXTENSIONS = YES;
				CLANG_ANALYZER_NONNULL = YES;
				CLANG_ANALYZER_NUMBER_OBJECT_CONVERSION = YES_AGGRESSIVE;
				CLANG_CXX_LANGUAGE_STANDARD = "gnu++20";
				CLANG_ENABLE_MODULES = YES;
				CLANG_ENABLE_OBJC_ARC = YES;
				CLANG_ENABLE_OBJC_WEAK = YES;
				CLANG_WARN_BLOCK_CAPTURE_AUTORELEASING = YES;
				CLANG_WARN_BOOL_CONVERSION = YES;
				CLANG_WARN_COMMA = YES;
				CLANG_WARN_CONSTANT_CONVERSION = YES;
				CLANG_WARN_DEPRECATED_OBJC_IMPLEMENTATIONS = YES;
				CLANG_WARN_DIRECT_OBJC_ISA_USAGE = YES_ERROR;
				CLANG_WARN_DOCUMENTATION_COMMENTS = YES;
				CLANG_WARN_EMPTY_BODY = YES;
				CLANG_WARN_ENUM_CONVERSION = YES;
				CLANG_WARN_INFINITE_RECURSION = YES;
				CLANG_WARN_INT_CONVERSION = YES;
				CLANG_WARN_NON_LITERAL_NULL_CONVERSION = YES;
				CLANG_WARN_OBJC_IMPLICIT_RETAIN_SELF = YES;
				CLANG_WARN_OBJC_LITERAL_CONVERSION = YES;
				CLANG_WARN_OBJC_ROOT_CLASS = YES_ERROR;
				CLANG_WARN_QUOTED_INCLUDE_IN_FRAMEWORK_HEADER = YES;
				CLANG_WARN_RANGE_LOOP_ANALYSIS = YES;
				CLANG_WARN_STRICT_PROTOTYPES = YES;
				CLANG_WARN_SUSPICIOUS_MOVE = YES;
				CLANG_WARN_UNGUARDED_AVAILABILITY = YES_AGGRESSIVE;
				CLANG_WARN_UNREACHABLE_CODE = YES;
				CLANG_WARN__DUPLICATE_METHOD_MATCH = YES;
				COPY_PHASE_STRIP = NO;
				DEBUG_INFORMATION_FORMAT = dwarf;
				ENABLE_STRICT_OBJC_MSGSEND = YES;
				ENABLE_TESTABILITY = YES;
				ENABLE_USER_SCRIPT_SANDBOXING = YES;
				GCC_C_LANGUAGE_STANDARD = gnu17;
				GCC_DYNAMIC_NO_PIC = NO;
				GCC_NO_COMMON_BLOCKS = YES;
				GCC_OPTIMIZATION_LEVEL = 0;
				GCC_PREPROCESSOR_DEFINITIONS = (
					"DEBUG=1",
					"$(inherited)",
				);
				GCC_WARN_64_TO_32_BIT_CONVERSION = YES;
				GCC_WARN_ABOUT_RETURN_TYPE = YES_ERROR;
				GCC_WARN_UNDECLARED_SELECTOR = YES;
				GCC_WARN_UNINITIALIZED_AUTOS = YES_AGGRESSIVE;
				GCC_WARN_UNUSED_FUNCTION = YES;
				GCC_WARN_UNUSED_VARIABLE = YES;
				IPHONEOS_DEPLOYMENT_TARGET = 17.5;
				LOCALIZATION_PREFERS_STRING_CATALOGS = YES;
				MTL_ENABLE_DEBUG_INFO = INCLUDE_SOURCE;
				MTL_FAST_MATH = YES;
				ONLY_ACTIVE_ARCH = YES;
				SDKROOT = iphoneos;
				SWIFT_ACTIVE_COMPILATION_CONDITIONS = "DEBUG $(inherited)";
				SWIFT_OPTIMIZATION_LEVEL = "-Onone";
			};
			name = Debug;
		};
		8710CF362BFD5B5500CA9F6B /* Release */ = {
			isa = XCBuildConfiguration;
			buildSettings = {
				ALWAYS_SEARCH_USER_PATHS = NO;
				ASSETCATALOG_COMPILER_GENERATE_SWIFT_ASSET_SYMBOL_EXTENSIONS = YES;
				CLANG_ANALYZER_NONNULL = YES;
				CLANG_ANALYZER_NUMBER_OBJECT_CONVERSION = YES_AGGRESSIVE;
				CLANG_CXX_LANGUAGE_STANDARD = "gnu++20";
				CLANG_ENABLE_MODULES = YES;
				CLANG_ENABLE_OBJC_ARC = YES;
				CLANG_ENABLE_OBJC_WEAK = YES;
				CLANG_WARN_BLOCK_CAPTURE_AUTORELEASING = YES;
				CLANG_WARN_BOOL_CONVERSION = YES;
				CLANG_WARN_COMMA = YES;
				CLANG_WARN_CONSTANT_CONVERSION = YES;
				CLANG_WARN_DEPRECATED_OBJC_IMPLEMENTATIONS = YES;
				CLANG_WARN_DIRECT_OBJC_ISA_USAGE = YES_ERROR;
				CLANG_WARN_DOCUMENTATION_COMMENTS = YES;
				CLANG_WARN_EMPTY_BODY = YES;
				CLANG_WARN_ENUM_CONVERSION = YES;
				CLANG_WARN_INFINITE_RECURSION = YES;
				CLANG_WARN_INT_CONVERSION = YES;
				CLANG_WARN_NON_LITERAL_NULL_CONVERSION = YES;
				CLANG_WARN_OBJC_IMPLICIT_RETAIN_SELF = YES;
				CLANG_WARN_OBJC_LITERAL_CONVERSION = YES;
				CLANG_WARN_OBJC_ROOT_CLASS = YES_ERROR;
				CLANG_WARN_QUOTED_INCLUDE_IN_FRAMEWORK_HEADER = YES;
				CLANG_WARN_RANGE_LOOP_ANALYSIS = YES;
				CLANG_WARN_STRICT_PROTOTYPES = YES;
				CLANG_WARN_SUSPICIOUS_MOVE = YES;
				CLANG_WARN_UNGUARDED_AVAILABILITY = YES_AGGRESSIVE;
				CLANG_WARN_UNREACHABLE_CODE = YES;
				CLANG_WARN__DUPLICATE_METHOD_MATCH = YES;
				COPY_PHASE_STRIP = NO;
				DEBUG_INFORMATION_FORMAT = "dwarf-with-dsym";
				ENABLE_NS_ASSERTIONS = NO;
				ENABLE_STRICT_OBJC_MSGSEND = YES;
				ENABLE_USER_SCRIPT_SANDBOXING = YES;
				GCC_C_LANGUAGE_STANDARD = gnu17;
				GCC_NO_COMMON_BLOCKS = YES;
				GCC_WARN_64_TO_32_BIT_CONVERSION = YES;
				GCC_WARN_ABOUT_RETURN_TYPE = YES_ERROR;
				GCC_WARN_UNDECLARED_SELECTOR = YES;
				GCC_WARN_UNINITIALIZED_AUTOS = YES_AGGRESSIVE;
				GCC_WARN_UNUSED_FUNCTION = YES;
				GCC_WARN_UNUSED_VARIABLE = YES;
				IPHONEOS_DEPLOYMENT_TARGET = 17.5;
				LOCALIZATION_PREFERS_STRING_CATALOGS = YES;
				MTL_ENABLE_DEBUG_INFO = NO;
				MTL_FAST_MATH = YES;
				SDKROOT = iphoneos;
				SWIFT_COMPILATION_MODE = wholemodule;
				VALIDATE_PRODUCT = YES;
			};
			name = Release;
		};
		8710CF382BFD5B5500CA9F6B /* Debug */ = {
			isa = XCBuildConfiguration;
			buildSettings = {
				ASSETCATALOG_COMPILER_APPICON_NAME = AppIcon;
				ASSETCATALOG_COMPILER_GLOBAL_ACCENT_COLOR_NAME = AccentColor;
				CODE_SIGN_STYLE = Automatic;
				CURRENT_PROJECT_VERSION = 1;
				DEVELOPMENT_ASSET_PATHS = "\"RokShoe/Preview Content\"";
				DEVELOPMENT_TEAM = 46D5N68GTW;
				ENABLE_PREVIEWS = YES;
				GENERATE_INFOPLIST_FILE = YES;
				INFOPLIST_KEY_UIApplicationSceneManifest_Generation = YES;
				INFOPLIST_KEY_UIApplicationSupportsIndirectInputEvents = YES;
				INFOPLIST_KEY_UILaunchScreen_Generation = YES;
				INFOPLIST_KEY_UISupportedInterfaceOrientations_iPad = "UIInterfaceOrientationPortrait UIInterfaceOrientationPortraitUpsideDown UIInterfaceOrientationLandscapeLeft UIInterfaceOrientationLandscapeRight";
				INFOPLIST_KEY_UISupportedInterfaceOrientations_iPhone = "UIInterfaceOrientationPortrait UIInterfaceOrientationLandscapeLeft UIInterfaceOrientationLandscapeRight";
				LD_RUNPATH_SEARCH_PATHS = (
					"$(inherited)",
					"@executable_path/Frameworks",
				);
				MARKETING_VERSION = 1.0;
				PRODUCT_BUNDLE_IDENTIFIER = a.RokShoe;
				PRODUCT_NAME = "$(TARGET_NAME)";
				SWIFT_EMIT_LOC_STRINGS = YES;
				SWIFT_VERSION = 5.0;
				TARGETED_DEVICE_FAMILY = "1,2";
			};
			name = Debug;
		};
		8710CF392BFD5B5500CA9F6B /* Release */ = {
			isa = XCBuildConfiguration;
			buildSettings = {
				ASSETCATALOG_COMPILER_APPICON_NAME = AppIcon;
				ASSETCATALOG_COMPILER_GLOBAL_ACCENT_COLOR_NAME = AccentColor;
				CODE_SIGN_STYLE = Automatic;
				CURRENT_PROJECT_VERSION = 1;
				DEVELOPMENT_ASSET_PATHS = "\"RokShoe/Preview Content\"";
				DEVELOPMENT_TEAM = 46D5N68GTW;
				ENABLE_PREVIEWS = YES;
				GENERATE_INFOPLIST_FILE = YES;
				INFOPLIST_KEY_UIApplicationSceneManifest_Generation = YES;
				INFOPLIST_KEY_UIApplicationSupportsIndirectInputEvents = YES;
				INFOPLIST_KEY_UILaunchScreen_Generation = YES;
				INFOPLIST_KEY_UISupportedInterfaceOrientations_iPad = "UIInterfaceOrientationPortrait UIInterfaceOrientationPortraitUpsideDown UIInterfaceOrientationLandscapeLeft UIInterfaceOrientationLandscapeRight";
				INFOPLIST_KEY_UISupportedInterfaceOrientations_iPhone = "UIInterfaceOrientationPortrait UIInterfaceOrientationLandscapeLeft UIInterfaceOrientationLandscapeRight";
				LD_RUNPATH_SEARCH_PATHS = (
					"$(inherited)",
					"@executable_path/Frameworks",
				);
				MARKETING_VERSION = 1.0;
				PRODUCT_BUNDLE_IDENTIFIER = a.RokShoe;
				PRODUCT_NAME = "$(TARGET_NAME)";
				SWIFT_EMIT_LOC_STRINGS = YES;
				SWIFT_VERSION = 5.0;
				TARGETED_DEVICE_FAMILY = "1,2";
			};
			name = Release;
		};
		8710CF3B2BFD5B5500CA9F6B /* Debug */ = {
			isa = XCBuildConfiguration;
			buildSettings = {
				ALWAYS_EMBED_SWIFT_STANDARD_LIBRARIES = YES;
				BUNDLE_LOADER = "$(TEST_HOST)";
				CODE_SIGN_STYLE = Automatic;
				CURRENT_PROJECT_VERSION = 1;
				DEVELOPMENT_TEAM = 46D5N68GTW;
				GENERATE_INFOPLIST_FILE = YES;
				IPHONEOS_DEPLOYMENT_TARGET = 17.5;
				MARKETING_VERSION = 1.0;
				PRODUCT_BUNDLE_IDENTIFIER = a.RokShoeTests;
				PRODUCT_NAME = "$(TARGET_NAME)";
				SWIFT_EMIT_LOC_STRINGS = NO;
				SWIFT_VERSION = 5.0;
				TARGETED_DEVICE_FAMILY = "1,2";
				TEST_HOST = "$(BUILT_PRODUCTS_DIR)/RokShoe.app/$(BUNDLE_EXECUTABLE_FOLDER_PATH)/RokShoe";
			};
			name = Debug;
		};
		8710CF3C2BFD5B5500CA9F6B /* Release */ = {
			isa = XCBuildConfiguration;
			buildSettings = {
				ALWAYS_EMBED_SWIFT_STANDARD_LIBRARIES = YES;
				BUNDLE_LOADER = "$(TEST_HOST)";
				CODE_SIGN_STYLE = Automatic;
				CURRENT_PROJECT_VERSION = 1;
				DEVELOPMENT_TEAM = 46D5N68GTW;
				GENERATE_INFOPLIST_FILE = YES;
				IPHONEOS_DEPLOYMENT_TARGET = 17.5;
				MARKETING_VERSION = 1.0;
				PRODUCT_BUNDLE_IDENTIFIER = a.RokShoeTests;
				PRODUCT_NAME = "$(TARGET_NAME)";
				SWIFT_EMIT_LOC_STRINGS = NO;
				SWIFT_VERSION = 5.0;
				TARGETED_DEVICE_FAMILY = "1,2";
				TEST_HOST = "$(BUILT_PRODUCTS_DIR)/RokShoe.app/$(BUNDLE_EXECUTABLE_FOLDER_PATH)/RokShoe";
			};
			name = Release;
		};
		8710CF3E2BFD5B5500CA9F6B /* Debug */ = {
			isa = XCBuildConfiguration;
			buildSettings = {
				ALWAYS_EMBED_SWIFT_STANDARD_LIBRARIES = YES;
				CODE_SIGN_STYLE = Automatic;
				CURRENT_PROJECT_VERSION = 1;
				DEVELOPMENT_TEAM = 46D5N68GTW;
				GENERATE_INFOPLIST_FILE = YES;
				MARKETING_VERSION = 1.0;
				PRODUCT_BUNDLE_IDENTIFIER = a.RokShoeUITests;
				PRODUCT_NAME = "$(TARGET_NAME)";
				SWIFT_EMIT_LOC_STRINGS = NO;
				SWIFT_VERSION = 5.0;
				TARGETED_DEVICE_FAMILY = "1,2";
				TEST_TARGET_NAME = RokShoe;
			};
			name = Debug;
		};
		8710CF3F2BFD5B5500CA9F6B /* Release */ = {
			isa = XCBuildConfiguration;
			buildSettings = {
				ALWAYS_EMBED_SWIFT_STANDARD_LIBRARIES = YES;
				CODE_SIGN_STYLE = Automatic;
				CURRENT_PROJECT_VERSION = 1;
				DEVELOPMENT_TEAM = 46D5N68GTW;
				GENERATE_INFOPLIST_FILE = YES;
				MARKETING_VERSION = 1.0;
				PRODUCT_BUNDLE_IDENTIFIER = a.RokShoeUITests;
				PRODUCT_NAME = "$(TARGET_NAME)";
				SWIFT_EMIT_LOC_STRINGS = NO;
				SWIFT_VERSION = 5.0;
				TARGETED_DEVICE_FAMILY = "1,2";
				TEST_TARGET_NAME = RokShoe;
			};
			name = Release;
		};
/* End XCBuildConfiguration section */

/* Begin XCConfigurationList section */
		8710CF0E2BFD5B5300CA9F6B /* Build configuration list for PBXProject "RokShoe" */ = {
			isa = XCConfigurationList;
			buildConfigurations = (
				8710CF352BFD5B5500CA9F6B /* Debug */,
				8710CF362BFD5B5500CA9F6B /* Release */,
			);
			defaultConfigurationIsVisible = 0;
			defaultConfigurationName = Release;
		};
		8710CF372BFD5B5500CA9F6B /* Build configuration list for PBXNativeTarget "RokShoe" */ = {
			isa = XCConfigurationList;
			buildConfigurations = (
				8710CF382BFD5B5500CA9F6B /* Debug */,
				8710CF392BFD5B5500CA9F6B /* Release */,
			);
			defaultConfigurationIsVisible = 0;
			defaultConfigurationName = Release;
		};
		8710CF3A2BFD5B5500CA9F6B /* Build configuration list for PBXNativeTarget "RokShoeTests" */ = {
			isa = XCConfigurationList;
			buildConfigurations = (
				8710CF3B2BFD5B5500CA9F6B /* Debug */,
				8710CF3C2BFD5B5500CA9F6B /* Release */,
			);
			defaultConfigurationIsVisible = 0;
			defaultConfigurationName = Release;
		};
		8710CF3D2BFD5B5500CA9F6B /* Build configuration list for PBXNativeTarget "RokShoeUITests" */ = {
			isa = XCConfigurationList;
			buildConfigurations = (
				8710CF3E2BFD5B5500CA9F6B /* Debug */,
				8710CF3F2BFD5B5500CA9F6B /* Release */,
			);
			defaultConfigurationIsVisible = 0;
			defaultConfigurationName = Release;
		};
/* End XCConfigurationList section */
	};
	rootObject = 8710CF0B2BFD5B5300CA9F6B /* Project object */;
}
